// !$*UTF8*$!
{
	archiveVersion = 1;
	classes = {
	};
	objectVersion = 77;
	objects = {

/* Begin PBXBuildFile section */
		8AD0CFFE2CA32A1B00998D98 /* DittoObjC in Frameworks */ = {isa = PBXBuildFile; productRef = 8AD0CFFD2CA32A1B00998D98 /* DittoObjC */; };
		8AD0D0002CA32A1B00998D98 /* DittoSwift in Frameworks */ = {isa = PBXBuildFile; productRef = 8AD0CFFF2CA32A1B00998D98 /* DittoSwift */; };
/* End PBXBuildFile section */

/* Begin PBXContainerItemProxy section */
		8AD0CFE02CA324BC00998D98 /* PBXContainerItemProxy */ = {
			isa = PBXContainerItemProxy;
			containerPortal = 8AD0CFC62CA324BB00998D98 /* Project object */;
			proxyType = 1;
			remoteGlobalIDString = 8AD0CFCD2CA324BB00998D98;
			remoteInfo = SyncThat;
		};
		8AD0CFEA2CA324BC00998D98 /* PBXContainerItemProxy */ = {
			isa = PBXContainerItemProxy;
			containerPortal = 8AD0CFC62CA324BB00998D98 /* Project object */;
			proxyType = 1;
			remoteGlobalIDString = 8AD0CFCD2CA324BB00998D98;
			remoteInfo = SyncThat;
		};
/* End PBXContainerItemProxy section */

/* Begin PBXFileReference section */
		8AD0CFCE2CA324BB00998D98 /* SyncThat.app */ = {isa = PBXFileReference; explicitFileType = wrapper.application; includeInIndex = 0; path = SyncThat.app; sourceTree = BUILT_PRODUCTS_DIR; };
		8AD0CFDF2CA324BC00998D98 /* SyncThatTests.xctest */ = {isa = PBXFileReference; explicitFileType = wrapper.cfbundle; includeInIndex = 0; path = SyncThatTests.xctest; sourceTree = BUILT_PRODUCTS_DIR; };
		8AD0CFE92CA324BC00998D98 /* SyncThatUITests.xctest */ = {isa = PBXFileReference; explicitFileType = wrapper.cfbundle; includeInIndex = 0; path = SyncThatUITests.xctest; sourceTree = BUILT_PRODUCTS_DIR; };
/* End PBXFileReference section */

/* Begin PBXFileSystemSynchronizedBuildFileExceptionSet section */
		8AD0D0022CA32BC800998D98 /* Exceptions for "SyncThat" folder in "SyncThat" target */ = {
			isa = PBXFileSystemSynchronizedBuildFileExceptionSet;
			membershipExceptions = (
				Info.plist,
			);
			target = 8AD0CFCD2CA324BB00998D98 /* SyncThat */;
		};
/* End PBXFileSystemSynchronizedBuildFileExceptionSet section */

/* Begin PBXFileSystemSynchronizedRootGroup section */
		8AD0CFD02CA324BB00998D98 /* SyncThat */ = {
			isa = PBXFileSystemSynchronizedRootGroup;
			exceptions = (
				8AD0D0022CA32BC800998D98 /* Exceptions for "SyncThat" folder in "SyncThat" target */,
			);
			path = SyncThat;
			sourceTree = "<group>";
		};
		8AD0CFE22CA324BC00998D98 /* SyncThatTests */ = {
			isa = PBXFileSystemSynchronizedRootGroup;
			path = SyncThatTests;
			sourceTree = "<group>";
		};
		8AD0CFEC2CA324BC00998D98 /* SyncThatUITests */ = {
			isa = PBXFileSystemSynchronizedRootGroup;
			path = SyncThatUITests;
			sourceTree = "<group>";
		};
/* End PBXFileSystemSynchronizedRootGroup section */

/* Begin PBXFrameworksBuildPhase section */
		8AD0CFCB2CA324BB00998D98 /* Frameworks */ = {
			isa = PBXFrameworksBuildPhase;
			buildActionMask = 2147483647;
			files = (
				8AD0CFFE2CA32A1B00998D98 /* DittoObjC in Frameworks */,
				8AD0D0002CA32A1B00998D98 /* DittoSwift in Frameworks */,
			);
			runOnlyForDeploymentPostprocessing = 0;
		};
		8AD0CFDC2CA324BC00998D98 /* Frameworks */ = {
			isa = PBXFrameworksBuildPhase;
			buildActionMask = 2147483647;
			files = (
			);
			runOnlyForDeploymentPostprocessing = 0;
		};
		8AD0CFE62CA324BC00998D98 /* Frameworks */ = {
			isa = PBXFrameworksBuildPhase;
			buildActionMask = 2147483647;
			files = (
			);
			runOnlyForDeploymentPostprocessing = 0;
		};
/* End PBXFrameworksBuildPhase section */

/* Begin PBXGroup section */
		8AD0CFC52CA324BB00998D98 = {
			isa = PBXGroup;
			children = (
				8AD0CFD02CA324BB00998D98 /* SyncThat */,
				8AD0CFE22CA324BC00998D98 /* SyncThatTests */,
				8AD0CFEC2CA324BC00998D98 /* SyncThatUITests */,
				8AD0CFCF2CA324BB00998D98 /* Products */,
			);
			sourceTree = "<group>";
		};
		8AD0CFCF2CA324BB00998D98 /* Products */ = {
			isa = PBXGroup;
			children = (
				8AD0CFCE2CA324BB00998D98 /* SyncThat.app */,
				8AD0CFDF2CA324BC00998D98 /* SyncThatTests.xctest */,
				8AD0CFE92CA324BC00998D98 /* SyncThatUITests.xctest */,
			);
			name = Products;
			sourceTree = "<group>";
		};
/* End PBXGroup section */

/* Begin PBXNativeTarget section */
		8AD0CFCD2CA324BB00998D98 /* SyncThat */ = {
			isa = PBXNativeTarget;
			buildConfigurationList = 8AD0CFF32CA324BC00998D98 /* Build configuration list for PBXNativeTarget "SyncThat" */;
			buildPhases = (
				8AD0CFCA2CA324BB00998D98 /* Sources */,
				8AD0CFCB2CA324BB00998D98 /* Frameworks */,
				8AD0CFCC2CA324BB00998D98 /* Resources */,
			);
			buildRules = (
			);
			dependencies = (
			);
			fileSystemSynchronizedGroups = (
				8AD0CFD02CA324BB00998D98 /* SyncThat */,
			);
			name = SyncThat;
			packageProductDependencies = (
				8AD0CFFD2CA32A1B00998D98 /* DittoObjC */,
				8AD0CFFF2CA32A1B00998D98 /* DittoSwift */,
			);
			productName = SyncThat;
			productReference = 8AD0CFCE2CA324BB00998D98 /* SyncThat.app */;
			productType = "com.apple.product-type.application";
		};
		8AD0CFDE2CA324BC00998D98 /* SyncThatTests */ = {
			isa = PBXNativeTarget;
			buildConfigurationList = 8AD0CFF62CA324BC00998D98 /* Build configuration list for PBXNativeTarget "SyncThatTests" */;
			buildPhases = (
				8AD0CFDB2CA324BC00998D98 /* Sources */,
				8AD0CFDC2CA324BC00998D98 /* Frameworks */,
				8AD0CFDD2CA324BC00998D98 /* Resources */,
			);
			buildRules = (
			);
			dependencies = (
				8AD0CFE12CA324BC00998D98 /* PBXTargetDependency */,
			);
			fileSystemSynchronizedGroups = (
				8AD0CFE22CA324BC00998D98 /* SyncThatTests */,
			);
			name = SyncThatTests;
			packageProductDependencies = (
			);
			productName = SyncThatTests;
			productReference = 8AD0CFDF2CA324BC00998D98 /* SyncThatTests.xctest */;
			productType = "com.apple.product-type.bundle.unit-test";
		};
		8AD0CFE82CA324BC00998D98 /* SyncThatUITests */ = {
			isa = PBXNativeTarget;
			buildConfigurationList = 8AD0CFF92CA324BC00998D98 /* Build configuration list for PBXNativeTarget "SyncThatUITests" */;
			buildPhases = (
				8AD0CFE52CA324BC00998D98 /* Sources */,
				8AD0CFE62CA324BC00998D98 /* Frameworks */,
				8AD0CFE72CA324BC00998D98 /* Resources */,
			);
			buildRules = (
			);
			dependencies = (
				8AD0CFEB2CA324BC00998D98 /* PBXTargetDependency */,
			);
			fileSystemSynchronizedGroups = (
				8AD0CFEC2CA324BC00998D98 /* SyncThatUITests */,
			);
			name = SyncThatUITests;
			packageProductDependencies = (
			);
			productName = SyncThatUITests;
			productReference = 8AD0CFE92CA324BC00998D98 /* SyncThatUITests.xctest */;
			productType = "com.apple.product-type.bundle.ui-testing";
		};
/* End PBXNativeTarget section */

/* Begin PBXProject section */
		8AD0CFC62CA324BB00998D98 /* Project object */ = {
			isa = PBXProject;
			attributes = {
				BuildIndependentTargetsInParallel = 1;
				LastSwiftUpdateCheck = 1600;
				LastUpgradeCheck = 1600;
				TargetAttributes = {
					8AD0CFCD2CA324BB00998D98 = {
						CreatedOnToolsVersion = 16.0;
					};
					8AD0CFDE2CA324BC00998D98 = {
						CreatedOnToolsVersion = 16.0;
						TestTargetID = 8AD0CFCD2CA324BB00998D98;
					};
					8AD0CFE82CA324BC00998D98 = {
						CreatedOnToolsVersion = 16.0;
						TestTargetID = 8AD0CFCD2CA324BB00998D98;
					};
				};
			};
			buildConfigurationList = 8AD0CFC92CA324BB00998D98 /* Build configuration list for PBXProject "SyncThat" */;
			developmentRegion = en;
			hasScannedForEncodings = 0;
			knownRegions = (
				en,
				Base,
			);
			mainGroup = 8AD0CFC52CA324BB00998D98;
			minimizedProjectReferenceProxies = 1;
			packageReferences = (
				8AD0CFFC2CA32A1B00998D98 /* XCRemoteSwiftPackageReference "DittoSwiftPackage" */,
			);
			preferredProjectObjectVersion = 77;
			productRefGroup = 8AD0CFCF2CA324BB00998D98 /* Products */;
			projectDirPath = "";
			projectRoot = "";
			targets = (
				8AD0CFCD2CA324BB00998D98 /* SyncThat */,
				8AD0CFDE2CA324BC00998D98 /* SyncThatTests */,
				8AD0CFE82CA324BC00998D98 /* SyncThatUITests */,
			);
		};
/* End PBXProject section */

/* Begin PBXResourcesBuildPhase section */
		8AD0CFCC2CA324BB00998D98 /* Resources */ = {
			isa = PBXResourcesBuildPhase;
			buildActionMask = 2147483647;
			files = (
			);
			runOnlyForDeploymentPostprocessing = 0;
		};
		8AD0CFDD2CA324BC00998D98 /* Resources */ = {
			isa = PBXResourcesBuildPhase;
			buildActionMask = 2147483647;
			files = (
			);
			runOnlyForDeploymentPostprocessing = 0;
		};
		8AD0CFE72CA324BC00998D98 /* Resources */ = {
			isa = PBXResourcesBuildPhase;
			buildActionMask = 2147483647;
			files = (
			);
			runOnlyForDeploymentPostprocessing = 0;
		};
/* End PBXResourcesBuildPhase section */

/* Begin PBXSourcesBuildPhase section */
		8AD0CFCA2CA324BB00998D98 /* Sources */ = {
			isa = PBXSourcesBuildPhase;
			buildActionMask = 2147483647;
			files = (
			);
			runOnlyForDeploymentPostprocessing = 0;
		};
		8AD0CFDB2CA324BC00998D98 /* Sources */ = {
			isa = PBXSourcesBuildPhase;
			buildActionMask = 2147483647;
			files = (
			);
			runOnlyForDeploymentPostprocessing = 0;
		};
		8AD0CFE52CA324BC00998D98 /* Sources */ = {
			isa = PBXSourcesBuildPhase;
			buildActionMask = 2147483647;
			files = (
			);
			runOnlyForDeploymentPostprocessing = 0;
		};
/* End PBXSourcesBuildPhase section */

/* Begin PBXTargetDependency section */
		8AD0CFE12CA324BC00998D98 /* PBXTargetDependency */ = {
			isa = PBXTargetDependency;
			target = 8AD0CFCD2CA324BB00998D98 /* SyncThat */;
			targetProxy = 8AD0CFE02CA324BC00998D98 /* PBXContainerItemProxy */;
		};
		8AD0CFEB2CA324BC00998D98 /* PBXTargetDependency */ = {
			isa = PBXTargetDependency;
			target = 8AD0CFCD2CA324BB00998D98 /* SyncThat */;
			targetProxy = 8AD0CFEA2CA324BC00998D98 /* PBXContainerItemProxy */;
		};
/* End PBXTargetDependency section */

/* Begin XCBuildConfiguration section */
		8AD0CFF12CA324BC00998D98 /* Debug */ = {
			isa = XCBuildConfiguration;
			buildSettings = {
				ALWAYS_SEARCH_USER_PATHS = NO;
				ASSETCATALOG_COMPILER_GENERATE_SWIFT_ASSET_SYMBOL_EXTENSIONS = YES;
				CLANG_ANALYZER_NONNULL = YES;
				CLANG_ANALYZER_NUMBER_OBJECT_CONVERSION = YES_AGGRESSIVE;
				CLANG_CXX_LANGUAGE_STANDARD = "gnu++20";
				CLANG_ENABLE_MODULES = YES;
				CLANG_ENABLE_OBJC_ARC = YES;
				CLANG_ENABLE_OBJC_WEAK = YES;
				CLANG_WARN_BLOCK_CAPTURE_AUTORELEASING = YES;
				CLANG_WARN_BOOL_CONVERSION = YES;
				CLANG_WARN_COMMA = YES;
				CLANG_WARN_CONSTANT_CONVERSION = YES;
				CLANG_WARN_DEPRECATED_OBJC_IMPLEMENTATIONS = YES;
				CLANG_WARN_DIRECT_OBJC_ISA_USAGE = YES_ERROR;
				CLANG_WARN_DOCUMENTATION_COMMENTS = YES;
				CLANG_WARN_EMPTY_BODY = YES;
				CLANG_WARN_ENUM_CONVERSION = YES;
				CLANG_WARN_INFINITE_RECURSION = YES;
				CLANG_WARN_INT_CONVERSION = YES;
				CLANG_WARN_NON_LITERAL_NULL_CONVERSION = YES;
				CLANG_WARN_OBJC_IMPLICIT_RETAIN_SELF = YES;
				CLANG_WARN_OBJC_LITERAL_CONVERSION = YES;
				CLANG_WARN_OBJC_ROOT_CLASS = YES_ERROR;
				CLANG_WARN_QUOTED_INCLUDE_IN_FRAMEWORK_HEADER = YES;
				CLANG_WARN_RANGE_LOOP_ANALYSIS = YES;
				CLANG_WARN_STRICT_PROTOTYPES = YES;
				CLANG_WARN_SUSPICIOUS_MOVE = YES;
				CLANG_WARN_UNGUARDED_AVAILABILITY = YES_AGGRESSIVE;
				CLANG_WARN_UNREACHABLE_CODE = YES;
				CLANG_WARN__DUPLICATE_METHOD_MATCH = YES;
				COPY_PHASE_STRIP = NO;
				DEBUG_INFORMATION_FORMAT = dwarf;
				ENABLE_STRICT_OBJC_MSGSEND = YES;
				ENABLE_TESTABILITY = YES;
				ENABLE_USER_SCRIPT_SANDBOXING = YES;
				GCC_C_LANGUAGE_STANDARD = gnu17;
				GCC_DYNAMIC_NO_PIC = NO;
				GCC_NO_COMMON_BLOCKS = YES;
				GCC_OPTIMIZATION_LEVEL = 0;
				GCC_PREPROCESSOR_DEFINITIONS = (
					"DEBUG=1",
					"$(inherited)",
				);
				GCC_WARN_64_TO_32_BIT_CONVERSION = YES;
				GCC_WARN_ABOUT_RETURN_TYPE = YES_ERROR;
				GCC_WARN_UNDECLARED_SELECTOR = YES;
				GCC_WARN_UNINITIALIZED_AUTOS = YES_AGGRESSIVE;
				GCC_WARN_UNUSED_FUNCTION = YES;
				GCC_WARN_UNUSED_VARIABLE = YES;
				LOCALIZATION_PREFERS_STRING_CATALOGS = YES;
				MTL_ENABLE_DEBUG_INFO = INCLUDE_SOURCE;
				MTL_FAST_MATH = YES;
				ONLY_ACTIVE_ARCH = YES;
				SWIFT_ACTIVE_COMPILATION_CONDITIONS = "DEBUG $(inherited)";
				SWIFT_OPTIMIZATION_LEVEL = "-Onone";
			};
			name = Debug;
		};
		8AD0CFF22CA324BC00998D98 /* Release */ = {
			isa = XCBuildConfiguration;
			buildSettings = {
				ALWAYS_SEARCH_USER_PATHS = NO;
				ASSETCATALOG_COMPILER_GENERATE_SWIFT_ASSET_SYMBOL_EXTENSIONS = YES;
				CLANG_ANALYZER_NONNULL = YES;
				CLANG_ANALYZER_NUMBER_OBJECT_CONVERSION = YES_AGGRESSIVE;
				CLANG_CXX_LANGUAGE_STANDARD = "gnu++20";
				CLANG_ENABLE_MODULES = YES;
				CLANG_ENABLE_OBJC_ARC = YES;
				CLANG_ENABLE_OBJC_WEAK = YES;
				CLANG_WARN_BLOCK_CAPTURE_AUTORELEASING = YES;
				CLANG_WARN_BOOL_CONVERSION = YES;
				CLANG_WARN_COMMA = YES;
				CLANG_WARN_CONSTANT_CONVERSION = YES;
				CLANG_WARN_DEPRECATED_OBJC_IMPLEMENTATIONS = YES;
				CLANG_WARN_DIRECT_OBJC_ISA_USAGE = YES_ERROR;
				CLANG_WARN_DOCUMENTATION_COMMENTS = YES;
				CLANG_WARN_EMPTY_BODY = YES;
				CLANG_WARN_ENUM_CONVERSION = YES;
				CLANG_WARN_INFINITE_RECURSION = YES;
				CLANG_WARN_INT_CONVERSION = YES;
				CLANG_WARN_NON_LITERAL_NULL_CONVERSION = YES;
				CLANG_WARN_OBJC_IMPLICIT_RETAIN_SELF = YES;
				CLANG_WARN_OBJC_LITERAL_CONVERSION = YES;
				CLANG_WARN_OBJC_ROOT_CLASS = YES_ERROR;
				CLANG_WARN_QUOTED_INCLUDE_IN_FRAMEWORK_HEADER = YES;
				CLANG_WARN_RANGE_LOOP_ANALYSIS = YES;
				CLANG_WARN_STRICT_PROTOTYPES = YES;
				CLANG_WARN_SUSPICIOUS_MOVE = YES;
				CLANG_WARN_UNGUARDED_AVAILABILITY = YES_AGGRESSIVE;
				CLANG_WARN_UNREACHABLE_CODE = YES;
				CLANG_WARN__DUPLICATE_METHOD_MATCH = YES;
				COPY_PHASE_STRIP = NO;
				DEBUG_INFORMATION_FORMAT = "dwarf-with-dsym";
				ENABLE_NS_ASSERTIONS = NO;
				ENABLE_STRICT_OBJC_MSGSEND = YES;
				ENABLE_USER_SCRIPT_SANDBOXING = YES;
				GCC_C_LANGUAGE_STANDARD = gnu17;
				GCC_NO_COMMON_BLOCKS = YES;
				GCC_WARN_64_TO_32_BIT_CONVERSION = YES;
				GCC_WARN_ABOUT_RETURN_TYPE = YES_ERROR;
				GCC_WARN_UNDECLARED_SELECTOR = YES;
				GCC_WARN_UNINITIALIZED_AUTOS = YES_AGGRESSIVE;
				GCC_WARN_UNUSED_FUNCTION = YES;
				GCC_WARN_UNUSED_VARIABLE = YES;
				LOCALIZATION_PREFERS_STRING_CATALOGS = YES;
				MTL_ENABLE_DEBUG_INFO = NO;
				MTL_FAST_MATH = YES;
				SWIFT_COMPILATION_MODE = wholemodule;
			};
			name = Release;
		};
		8AD0CFF42CA324BC00998D98 /* Debug */ = {
			isa = XCBuildConfiguration;
			buildSettings = {
				ASSETCATALOG_COMPILER_APPICON_NAME = AppIcon;
				ASSETCATALOG_COMPILER_GLOBAL_ACCENT_COLOR_NAME = AccentColor;
				CODE_SIGN_ENTITLEMENTS = SyncThat/SyncThat.entitlements;
				CODE_SIGN_STYLE = Automatic;
				CURRENT_PROJECT_VERSION = 1;
				DEVELOPMENT_ASSET_PATHS = "\"SyncThat/Preview Content\"";
				DEVELOPMENT_TEAM = 7P37S9ZL84;
				ENABLE_HARDENED_RUNTIME = YES;
				ENABLE_PREVIEWS = YES;
				GENERATE_INFOPLIST_FILE = YES;
				INFOPLIST_FILE = SyncThat/Info.plist;
				"INFOPLIST_KEY_UIApplicationSceneManifest_Generation[sdk=iphoneos*]" = YES;
				"INFOPLIST_KEY_UIApplicationSceneManifest_Generation[sdk=iphonesimulator*]" = YES;
				"INFOPLIST_KEY_UIApplicationSupportsIndirectInputEvents[sdk=iphoneos*]" = YES;
				"INFOPLIST_KEY_UIApplicationSupportsIndirectInputEvents[sdk=iphonesimulator*]" = YES;
				"INFOPLIST_KEY_UILaunchScreen_Generation[sdk=iphoneos*]" = YES;
				"INFOPLIST_KEY_UILaunchScreen_Generation[sdk=iphonesimulator*]" = YES;
				"INFOPLIST_KEY_UIStatusBarStyle[sdk=iphoneos*]" = UIStatusBarStyleDefault;
				"INFOPLIST_KEY_UIStatusBarStyle[sdk=iphonesimulator*]" = UIStatusBarStyleDefault;
				INFOPLIST_KEY_UISupportedInterfaceOrientations_iPad = "UIInterfaceOrientationPortrait UIInterfaceOrientationPortraitUpsideDown UIInterfaceOrientationLandscapeLeft UIInterfaceOrientationLandscapeRight";
				INFOPLIST_KEY_UISupportedInterfaceOrientations_iPhone = "UIInterfaceOrientationPortrait UIInterfaceOrientationLandscapeLeft UIInterfaceOrientationLandscapeRight";
				IPHONEOS_DEPLOYMENT_TARGET = 15.0;
				LD_RUNPATH_SEARCH_PATHS = "@executable_path/Frameworks";
				"LD_RUNPATH_SEARCH_PATHS[sdk=macosx*]" = "@executable_path/../Frameworks";
				MACOSX_DEPLOYMENT_TARGET = 14.7;
				MARKETING_VERSION = 1.0;
				PRODUCT_BUNDLE_IDENTIFIER = org.increscent.SyncThat;
				PRODUCT_NAME = "$(TARGET_NAME)";
				SDKROOT = auto;
				SUPPORTED_PLATFORMS = "iphoneos iphonesimulator xros xrsimulator";
				SUPPORTS_MACCATALYST = NO;
				SUPPORTS_MAC_DESIGNED_FOR_IPHONE_IPAD = YES;
				SWIFT_EMIT_LOC_STRINGS = YES;
				SWIFT_VERSION = 5.0;
				TARGETED_DEVICE_FAMILY = "1,2,7";
				XROS_DEPLOYMENT_TARGET = 2.0;
			};
			name = Debug;
		};
		8AD0CFF52CA324BC00998D98 /* Release */ = {
			isa = XCBuildConfiguration;
			buildSettings = {
				ASSETCATALOG_COMPILER_APPICON_NAME = AppIcon;
				ASSETCATALOG_COMPILER_GLOBAL_ACCENT_COLOR_NAME = AccentColor;
				CODE_SIGN_ENTITLEMENTS = SyncThat/SyncThat.entitlements;
				CODE_SIGN_STYLE = Automatic;
				CURRENT_PROJECT_VERSION = 1;
				DEVELOPMENT_ASSET_PATHS = "\"SyncThat/Preview Content\"";
				DEVELOPMENT_TEAM = 7P37S9ZL84;
				ENABLE_HARDENED_RUNTIME = YES;
				ENABLE_PREVIEWS = YES;
				GENERATE_INFOPLIST_FILE = YES;
				INFOPLIST_FILE = SyncThat/Info.plist;
				"INFOPLIST_KEY_UIApplicationSceneManifest_Generation[sdk=iphoneos*]" = YES;
				"INFOPLIST_KEY_UIApplicationSceneManifest_Generation[sdk=iphonesimulator*]" = YES;
				"INFOPLIST_KEY_UIApplicationSupportsIndirectInputEvents[sdk=iphoneos*]" = YES;
				"INFOPLIST_KEY_UIApplicationSupportsIndirectInputEvents[sdk=iphonesimulator*]" = YES;
				"INFOPLIST_KEY_UILaunchScreen_Generation[sdk=iphoneos*]" = YES;
				"INFOPLIST_KEY_UILaunchScreen_Generation[sdk=iphonesimulator*]" = YES;
				"INFOPLIST_KEY_UIStatusBarStyle[sdk=iphoneos*]" = UIStatusBarStyleDefault;
				"INFOPLIST_KEY_UIStatusBarStyle[sdk=iphonesimulator*]" = UIStatusBarStyleDefault;
				INFOPLIST_KEY_UISupportedInterfaceOrientations_iPad = "UIInterfaceOrientationPortrait UIInterfaceOrientationPortraitUpsideDown UIInterfaceOrientationLandscapeLeft UIInterfaceOrientationLandscapeRight";
				INFOPLIST_KEY_UISupportedInterfaceOrientations_iPhone = "UIInterfaceOrientationPortrait UIInterfaceOrientationLandscapeLeft UIInterfaceOrientationLandscapeRight";
				IPHONEOS_DEPLOYMENT_TARGET = 15.0;
				LD_RUNPATH_SEARCH_PATHS = "@executable_path/Frameworks";
				"LD_RUNPATH_SEARCH_PATHS[sdk=macosx*]" = "@executable_path/../Frameworks";
				MACOSX_DEPLOYMENT_TARGET = 14.7;
				MARKETING_VERSION = 1.0;
				PRODUCT_BUNDLE_IDENTIFIER = org.increscent.SyncThat;
				PRODUCT_NAME = "$(TARGET_NAME)";
				SDKROOT = auto;
				SUPPORTED_PLATFORMS = "iphoneos iphonesimulator xros xrsimulator";
				SUPPORTS_MACCATALYST = NO;
				SUPPORTS_MAC_DESIGNED_FOR_IPHONE_IPAD = YES;
				SWIFT_EMIT_LOC_STRINGS = YES;
				SWIFT_VERSION = 5.0;
				TARGETED_DEVICE_FAMILY = "1,2,7";
				XROS_DEPLOYMENT_TARGET = 2.0;
			};
			name = Release;
		};
		8AD0CFF72CA324BC00998D98 /* Debug */ = {
			isa = XCBuildConfiguration;
			buildSettings = {
				BUNDLE_LOADER = "$(TEST_HOST)";
				CODE_SIGN_STYLE = Automatic;
				CURRENT_PROJECT_VERSION = 1;
				DEVELOPMENT_TEAM = 7P37S9ZL84;
				GENERATE_INFOPLIST_FILE = YES;
				IPHONEOS_DEPLOYMENT_TARGET = 18.0;
				MACOSX_DEPLOYMENT_TARGET = 14.7;
				MARKETING_VERSION = 1.0;
				PRODUCT_BUNDLE_IDENTIFIER = org.increscent.SyncThatTests;
				PRODUCT_NAME = "$(TARGET_NAME)";
				SDKROOT = auto;
				SUPPORTED_PLATFORMS = "iphoneos iphonesimulator macosx xros xrsimulator";
				SWIFT_EMIT_LOC_STRINGS = NO;
				SWIFT_VERSION = 5.0;
				TARGETED_DEVICE_FAMILY = "1,2,7";
				TEST_HOST = "$(BUILT_PRODUCTS_DIR)/SyncThat.app/$(BUNDLE_EXECUTABLE_FOLDER_PATH)/SyncThat";
				XROS_DEPLOYMENT_TARGET = 2.0;
			};
			name = Debug;
		};
		8AD0CFF82CA324BC00998D98 /* Release */ = {
			isa = XCBuildConfiguration;
			buildSettings = {
				BUNDLE_LOADER = "$(TEST_HOST)";
				CODE_SIGN_STYLE = Automatic;
				CURRENT_PROJECT_VERSION = 1;
				DEVELOPMENT_TEAM = 7P37S9ZL84;
				GENERATE_INFOPLIST_FILE = YES;
				IPHONEOS_DEPLOYMENT_TARGET = 18.0;
				MACOSX_DEPLOYMENT_TARGET = 14.7;
				MARKETING_VERSION = 1.0;
				PRODUCT_BUNDLE_IDENTIFIER = org.increscent.SyncThatTests;
				PRODUCT_NAME = "$(TARGET_NAME)";
				SDKROOT = auto;
				SUPPORTED_PLATFORMS = "iphoneos iphonesimulator macosx xros xrsimulator";
				SWIFT_EMIT_LOC_STRINGS = NO;
				SWIFT_VERSION = 5.0;
				TARGETED_DEVICE_FAMILY = "1,2,7";
				TEST_HOST = "$(BUILT_PRODUCTS_DIR)/SyncThat.app/$(BUNDLE_EXECUTABLE_FOLDER_PATH)/SyncThat";
				XROS_DEPLOYMENT_TARGET = 2.0;
			};
			name = Release;
		};
		8AD0CFFA2CA324BC00998D98 /* Debug */ = {
			isa = XCBuildConfiguration;
			buildSettings = {
				CODE_SIGN_STYLE = Automatic;
				CURRENT_PROJECT_VERSION = 1;
				DEVELOPMENT_TEAM = 7P37S9ZL84;
				GENERATE_INFOPLIST_FILE = YES;
				IPHONEOS_DEPLOYMENT_TARGET = 18.0;
				MACOSX_DEPLOYMENT_TARGET = 14.7;
				MARKETING_VERSION = 1.0;
				PRODUCT_BUNDLE_IDENTIFIER = org.increscent.SyncThatUITests;
				PRODUCT_NAME = "$(TARGET_NAME)";
				SDKROOT = auto;
				SUPPORTED_PLATFORMS = "iphoneos iphonesimulator macosx xros xrsimulator";
				SWIFT_EMIT_LOC_STRINGS = NO;
				SWIFT_VERSION = 5.0;
				TARGETED_DEVICE_FAMILY = "1,2,7";
				TEST_TARGET_NAME = SyncThat;
				XROS_DEPLOYMENT_TARGET = 2.0;
			};
			name = Debug;
		};
		8AD0CFFB2CA324BC00998D98 /* Release */ = {
			isa = XCBuildConfiguration;
			buildSettings = {
				CODE_SIGN_STYLE = Automatic;
				CURRENT_PROJECT_VERSION = 1;
				DEVELOPMENT_TEAM = 7P37S9ZL84;
				GENERATE_INFOPLIST_FILE = YES;
				IPHONEOS_DEPLOYMENT_TARGET = 18.0;
				MACOSX_DEPLOYMENT_TARGET = 14.7;
				MARKETING_VERSION = 1.0;
				PRODUCT_BUNDLE_IDENTIFIER = org.increscent.SyncThatUITests;
				PRODUCT_NAME = "$(TARGET_NAME)";
				SDKROOT = auto;
				SUPPORTED_PLATFORMS = "iphoneos iphonesimulator macosx xros xrsimulator";
				SWIFT_EMIT_LOC_STRINGS = NO;
				SWIFT_VERSION = 5.0;
				TARGETED_DEVICE_FAMILY = "1,2,7";
				TEST_TARGET_NAME = SyncThat;
				XROS_DEPLOYMENT_TARGET = 2.0;
			};
			name = Release;
		};
/* End XCBuildConfiguration section */

/* Begin XCConfigurationList section */
		8AD0CFC92CA324BB00998D98 /* Build configuration list for PBXProject "SyncThat" */ = {
			isa = XCConfigurationList;
			buildConfigurations = (
				8AD0CFF12CA324BC00998D98 /* Debug */,
				8AD0CFF22CA324BC00998D98 /* Release */,
			);
			defaultConfigurationIsVisible = 0;
			defaultConfigurationName = Release;
		};
		8AD0CFF32CA324BC00998D98 /* Build configuration list for PBXNativeTarget "SyncThat" */ = {
			isa = XCConfigurationList;
			buildConfigurations = (
				8AD0CFF42CA324BC00998D98 /* Debug */,
				8AD0CFF52CA324BC00998D98 /* Release */,
			);
			defaultConfigurationIsVisible = 0;
			defaultConfigurationName = Release;
		};
		8AD0CFF62CA324BC00998D98 /* Build configuration list for PBXNativeTarget "SyncThatTests" */ = {
			isa = XCConfigurationList;
			buildConfigurations = (
				8AD0CFF72CA324BC00998D98 /* Debug */,
				8AD0CFF82CA324BC00998D98 /* Release */,
			);
			defaultConfigurationIsVisible = 0;
			defaultConfigurationName = Release;
		};
		8AD0CFF92CA324BC00998D98 /* Build configuration list for PBXNativeTarget "SyncThatUITests" */ = {
			isa = XCConfigurationList;
			buildConfigurations = (
				8AD0CFFA2CA324BC00998D98 /* Debug */,
				8AD0CFFB2CA324BC00998D98 /* Release */,
			);
			defaultConfigurationIsVisible = 0;
			defaultConfigurationName = Release;
		};
/* End XCConfigurationList section */

/* Begin XCRemoteSwiftPackageReference section */
		8AD0CFFC2CA32A1B00998D98 /* XCRemoteSwiftPackageReference "DittoSwiftPackage" */ = {
			isa = XCRemoteSwiftPackageReference;
			repositoryURL = "https://github.com/getditto/DittoSwiftPackage";
			requirement = {
				kind = upToNextMajorVersion;
				minimumVersion = 4.8.1;
			};
		};
/* End XCRemoteSwiftPackageReference section */

/* Begin XCSwiftPackageProductDependency section */
		8AD0CFFD2CA32A1B00998D98 /* DittoObjC */ = {
			isa = XCSwiftPackageProductDependency;
			package = 8AD0CFFC2CA32A1B00998D98 /* XCRemoteSwiftPackageReference "DittoSwiftPackage" */;
			productName = DittoObjC;
		};
		8AD0CFFF2CA32A1B00998D98 /* DittoSwift */ = {
			isa = XCSwiftPackageProductDependency;
			package = 8AD0CFFC2CA32A1B00998D98 /* XCRemoteSwiftPackageReference "DittoSwiftPackage" */;
			productName = DittoSwift;
		};
/* End XCSwiftPackageProductDependency section */
	};
	rootObject = 8AD0CFC62CA324BB00998D98 /* Project object */;
}
